{
  "name": "extension-scripts",
  "version": "1.0.0",
  "lockfileVersion": 2,
  "requires": true,
  "packages": {
    "": {
      "name": "extension-scripts",
      "version": "1.0.0",
      "license": "ISC",
      "dependencies": {
        "litespeed-conf": "2.0.4"
      }
    },
    "node_modules/litespeed-conf": {
      "version": "2.0.4",
      "resolved": "https://registry.npmjs.org/litespeed-conf/-/litespeed-conf-2.0.4.tgz",
      "integrity": "sha512-ysUyXY8pktvhnnk/4xtrWgJyNeVNbR1KbfpsnbHG8lM1hoj0IyBBJMLTn9m6XtZhBq1euubIyApt2NktQ5mLvQ=="
    }
  },
  "dependencies": {
    "litespeed-conf": {
      "version": "2.0.4",
      "resolved": "https://registry.npmjs.org/litespeed-conf/-/litespeed-conf-2.0.4.tgz",
      "integrity": "sha512-ysUyXY8pktvhnnk/4xtrWgJyNeVNbR1KbfpsnbHG8lM1hoj0IyBBJMLTn9m6XtZhBq1euubIyApt2NktQ5mLvQ=="
    }
  }
}
